{
  "version": 4,
  "terraform_version": "1.11.4",
  "serial": 2,
  "lineage": "33ade9dc-aeec-dcda-43bc-2aefcf2425ed",
  "outputs": {
    "ip": {
      "value": "34.57.127.176",
      "type": "string"
    }
  },
  "resources": [
    {
      "mode": "managed",
      "type": "google_compute_instance",
      "name": "default",
      "provider": "provider[\"registry.terraform.io/hashicorp/google\"]",
      "instances": [
        {
          "schema_version": 6,
          "attributes": {
            "advanced_machine_features": [],
            "allow_stopping_for_update": null,
            "attached_disk": [],
            "boot_disk": [
              {
                "auto_delete": true,
                "device_name": "persistent-disk-0",
                "disk_encryption_key_raw": "",
                "disk_encryption_key_rsa": "",
                "disk_encryption_key_sha256": "",
                "disk_encryption_service_account": "",
                "guest_os_features": [
                  "UEFI_COMPATIBLE",
                  "VIRTIO_SCSI_MULTIQUEUE",
                  "GVNIC"
                ],
                "initialize_params": [
                  {
                    "architecture": "X86_64",
                    "enable_confidential_compute": false,
                    "image": "https://www.googleapis.com/compute/v1/projects/debian-cloud/global/images/debian-11-bullseye-v20250513",
                    "labels": {},
                    "provisioned_iops": 0,
                    "provisioned_throughput": 0,
                    "resource_manager_tags": null,
                    "resource_policies": [],
                    "size": 10,
                    "snapshot": "",
                    "source_image_encryption_key": [],
                    "source_snapshot_encryption_key": [],
                    "storage_pool": "",
                    "type": "pd-standard"
                  }
                ],
                "interface": "",
                "kms_key_self_link": "",
                "mode": "READ_WRITE",
                "source": "https://www.googleapis.com/compute/v1/projects/sodium-stage-459713-t5/zones/us-central1-a/disks/my-website-vm"
              }
            ],
            "can_ip_forward": false,
            "confidential_instance_config": [],
            "cpu_platform": "Intel Broadwell",
            "creation_timestamp": "2025-05-19T09:10:03.982-07:00",
            "current_status": "RUNNING",
            "deletion_protection": false,
            "description": "",
            "desired_status": null,
            "effective_labels": {
              "goog-terraform-provisioned": "true"
            },
            "enable_display": false,
            "guest_accelerator": [],
            "hostname": "",
            "id": "projects/sodium-stage-459713-t5/zones/us-central1-a/instances/my-website-vm",
            "instance_encryption_key": [],
            "instance_id": "7717712958713162037",
            "key_revocation_action_type": "",
            "label_fingerprint": "vezUS-42LLM=",
            "labels": null,
            "machine_type": "e2-micro",
            "metadata": null,
            "metadata_fingerprint": "7Ns5w6cH9iM=",
            "metadata_startup_script": "#!/bin/bash\r\napt-get update\r\napt-get install -y apache2\r\nmkdir -p /var/www/html\r\necho \"Deploying website...\"\r\ncat \u003c\u003cEOF \u003e /var/www/html/index.html\r\n\u003c!DOCTYPE html\u003e\r\n\u003chtml\u003e\r\n\u003chead\u003e\r\n  \u003ctitle\u003eMy Personal Website\u003c/title\u003e\r\n  \u003clink rel=\"stylesheet\" href=\"style.css\"\u003e\r\n\u003c/head\u003e\r\n\u003cbody\u003e\r\n  \u003ch1\u003eHello from GCP!\u003c/h1\u003e\r\n  \u003cscript src=\"script.js\"\u003e\u003c/script\u003e\r\n\u003c/body\u003e\r\n\u003c/html\u003e\r\nEOF\r\n\r\ncat \u003c\u003cEOF \u003e /var/www/html/style.css\r\nbody { background-color: lightblue; }\r\nh1 { color: navy; }\r\nEOF\r\n\r\ncat \u003c\u003cEOF \u003e /var/www/html/script.js\r\nfunction talkToMe() {\r\n  alert(\"Hello from your cloud website!\");\r\n}\r\nEOF\r\n\r\nsystemctl restart apache2\r\n",
            "min_cpu_platform": "",
            "name": "my-website-vm",
            "network_interface": [
              {
                "access_config": [
                  {
                    "nat_ip": "34.57.127.176",
                    "network_tier": "PREMIUM",
                    "public_ptr_domain_name": ""
                  }
                ],
                "alias_ip_range": [],
                "internal_ipv6_prefix_length": 0,
                "ipv6_access_config": [],
                "ipv6_access_type": "",
                "ipv6_address": "",
                "name": "nic0",
                "network": "https://www.googleapis.com/compute/v1/projects/sodium-stage-459713-t5/global/networks/default",
                "network_attachment": "",
                "network_ip": "10.128.0.2",
                "nic_type": "",
                "queue_count": 0,
                "stack_type": "IPV4_ONLY",
                "subnetwork": "https://www.googleapis.com/compute/v1/projects/sodium-stage-459713-t5/regions/us-central1/subnetworks/default",
                "subnetwork_project": "sodium-stage-459713-t5"
              }
            ],
            "network_performance_config": [],
            "params": [],
            "project": "sodium-stage-459713-t5",
            "reservation_affinity": [],
            "resource_policies": null,
            "scheduling": [
              {
                "automatic_restart": true,
                "availability_domain": 0,
                "instance_termination_action": "",
                "local_ssd_recovery_timeout": [],
                "max_run_duration": [],
                "min_node_cpus": 0,
                "node_affinities": [],
                "on_host_maintenance": "MIGRATE",
                "on_instance_stop_action": [],
                "preemptible": false,
                "provisioning_model": "STANDARD",
                "termination_time": ""
              }
            ],
            "scratch_disk": [],
            "self_link": "https://www.googleapis.com/compute/v1/projects/sodium-stage-459713-t5/zones/us-central1-a/instances/my-website-vm",
            "service_account": [],
            "shielded_instance_config": [
              {
                "enable_integrity_monitoring": true,
                "enable_secure_boot": false,
                "enable_vtpm": true
              }
            ],
            "tags": null,
            "tags_fingerprint": "42WmSpB8rSM=",
            "terraform_labels": {
              "goog-terraform-provisioned": "true"
            },
            "timeouts": null,
            "zone": "us-central1-a"
          },
          "sensitive_attributes": [
            [
              {
                "type": "get_attr",
                "value": "boot_disk"
              },
              {
                "type": "index",
                "value": {
                  "value": 0,
                  "type": "number"
                }
              },
              {
                "type": "get_attr",
                "value": "disk_encryption_key_raw"
              }
            ],
            [
              {
                "type": "get_attr",
                "value": "boot_disk"
              },
              {
                "type": "index",
                "value": {
                  "value": 0,
                  "type": "number"
                }
              },
              {
                "type": "get_attr",
                "value": "disk_encryption_key_rsa"
              }
            ]
          ],
          "private": "eyJlMmJmYjczMC1lY2FhLTExZTYtOGY4OC0zNDM2M2JjN2M0YzAiOnsiY3JlYXRlIjoxMjAwMDAwMDAwMDAwLCJkZWxldGUiOjEyMDAwMDAwMDAwMDAsInVwZGF0ZSI6MTIwMDAwMDAwMDAwMH0sInNjaGVtYV92ZXJzaW9uIjoiNiJ9"
        }
      ]
    }
  ],
  "check_results": null
}
